// !$*UTF8*$!
{
	archiveVersion = 1;
	classes = {
	};
	objectVersion = 50;
	objects = {

/* Begin PBXBuildFile section */
		6628B0352611030A007FC6C4 /* AppDelegate.m in Sources */ = {isa = PBXBuildFile; fileRef = 6628B0342611030A007FC6C4 /* AppDelegate.m */; };
		6628B0382611030A007FC6C4 /* SceneDelegate.m in Sources */ = {isa = PBXBuildFile; fileRef = 6628B0372611030A007FC6C4 /* SceneDelegate.m */; };
		6628B03B2611030A007FC6C4 /* ViewController.m in Sources */ = {isa = PBXBuildFile; fileRef = 6628B03A2611030A007FC6C4 /* ViewController.m */; };
		6628B03E2611030A007FC6C4 /* Main.storyboard in Resources */ = {isa = PBXBuildFile; fileRef = 6628B03C2611030A007FC6C4 /* Main.storyboard */; };
		6628B0402611030D007FC6C4 /* Assets.xcassets in Resources */ = {isa = PBXBuildFile; fileRef = 6628B03F2611030D007FC6C4 /* Assets.xcassets */; };
		6628B0432611030D007FC6C4 /* LaunchScreen.storyboard in Resources */ = {isa = PBXBuildFile; fileRef = 6628B0412611030D007FC6C4 /* LaunchScreen.storyboard */; };
		6628B0462611030D007FC6C4 /* main.m in Sources */ = {isa = PBXBuildFile; fileRef = 6628B0452611030D007FC6C4 /* main.m */; };
/* End PBXBuildFile section */

/* Begin PBXFileReference section */
		6628B0302611030A007FC6C4 /* CheapFlights.app */ = {isa = PBXFileReference; explicitFileType = wrapper.application; includeInIndex = 0; path = CheapFlights.app; sourceTree = BUILT_PRODUCTS_DIR; };
		6628B0332611030A007FC6C4 /* AppDelegate.h */ = {isa = PBXFileReference; lastKnownFileType = sourcecode.c.h; path = AppDelegate.h; sourceTree = "<group>"; };
		6628B0342611030A007FC6C4 /* AppDelegate.m */ = {isa = PBXFileReference; lastKnownFileType = sourcecode.c.objc; path = AppDelegate.m; sourceTree = "<group>"; };
		6628B0362611030A007FC6C4 /* SceneDelegate.h */ = {isa = PBXFileReference; lastKnownFileType = sourcecode.c.h; path = SceneDelegate.h; sourceTree = "<group>"; };
		6628B0372611030A007FC6C4 /* SceneDelegate.m */ = {isa = PBXFileReference; lastKnownFileType = sourcecode.c.objc; path = SceneDelegate.m; sourceTree = "<group>"; };
		6628B0392611030A007FC6C4 /* ViewController.h */ = {isa = PBXFileReference; lastKnownFileType = sourcecode.c.h; path = ViewController.h; sourceTree = "<group>"; };
		6628B03A2611030A007FC6C4 /* ViewController.m */ = {isa = PBXFileReference; lastKnownFileType = sourcecode.c.objc; path = ViewController.m; sourceTree = "<group>"; };
		6628B03D2611030A007FC6C4 /* Base */ = {isa = PBXFileReference; lastKnownFileType = file.storyboard; name = Base; path = Base.lproj/Main.storyboard; sourceTree = "<group>"; };
		6628B03F2611030D007FC6C4 /* Assets.xcassets */ = {isa = PBXFileReference; lastKnownFileType = folder.assetcatalog; path = Assets.xcassets; sourceTree = "<group>"; };
		6628B0422611030D007FC6C4 /* Base */ = {isa = PBXFileReference; lastKnownFileType = file.storyboard; name = Base; path = Base.lproj/LaunchScreen.storyboard; sourceTree = "<group>"; };
		6628B0442611030D007FC6C4 /* Info.plist */ = {isa = PBXFileReference; lastKnownFileType = text.plist.xml; path = Info.plist; sourceTree = "<group>"; };
		6628B0452611030D007FC6C4 /* main.m */ = {isa = PBXFileReference; lastKnownFileType = sourcecode.c.objc; path = main.m; sourceTree = "<group>"; };
/* End PBXFileReference section */

/* Begin PBXFrameworksBuildPhase section */
		6628B02D2611030A007FC6C4 /* Frameworks */ = {
			isa = PBXFrameworksBuildPhase;
			buildActionMask = 2147483647;
			files = (
			);
			runOnlyForDeploymentPostprocessing = 0;
		};
/* End PBXFrameworksBuildPhase section */

/* Begin PBXGroup section */
		6628B0272611030A007FC6C4 = {
			isa = PBXGroup;
			children = (
				6628B0322611030A007FC6C4 /* CheapFlights */,
				6628B0312611030A007FC6C4 /* Products */,
			);
			sourceTree = "<group>";
		};
		6628B0312611030A007FC6C4 /* Products */ = {
			isa = PBXGroup;
			children = (
				6628B0302611030A007FC6C4 /* CheapFlights.app */,
			);
			name = Products;
			sourceTree = "<group>";
		};
		6628B0322611030A007FC6C4 /* CheapFlights */ = {
			isa = PBXGroup;
			children = (
				6628B0332611030A007FC6C4 /* AppDelegate.h */,
				6628B0342611030A007FC6C4 /* AppDelegate.m */,
				6628B0362611030A007FC6C4 /* SceneDelegate.h */,
				6628B0372611030A007FC6C4 /* SceneDelegate.m */,
				6628B0392611030A007FC6C4 /* ViewController.h */,
				6628B03A2611030A007FC6C4 /* ViewController.m */,
				6628B03C2611030A007FC6C4 /* Main.storyboard */,
				6628B03F2611030D007FC6C4 /* Assets.xcassets */,
				6628B0412611030D007FC6C4 /* LaunchScreen.storyboard */,
				6628B0442611030D007FC6C4 /* Info.plist */,
				6628B0452611030D007FC6C4 /* main.m */,
			);
			path = CheapFlights;
			sourceTree = "<group>";
		};
/* End PBXGroup section */

/* Begin PBXNativeTarget section */
		6628B02F2611030A007FC6C4 /* CheapFlights */ = {
			isa = PBXNativeTarget;
			buildConfigurationList = 6628B0492611030D007FC6C4 /* Build configuration list for PBXNativeTarget "CheapFlights" */;
			buildPhases = (
				6628B02C2611030A007FC6C4 /* Sources */,
				6628B02D2611030A007FC6C4 /* Frameworks */,
				6628B02E2611030A007FC6C4 /* Resources */,
			);
			buildRules = (
			);
			dependencies = (
			);
			name = CheapFlights;
			productName = CheapFlights;
			productReference = 6628B0302611030A007FC6C4 /* CheapFlights.app */;
			productType = "com.apple.product-type.application";
		};
/* End PBXNativeTarget section */

/* Begin PBXProject section */
		6628B0282611030A007FC6C4 /* Project object */ = {
			isa = PBXProject;
			attributes = {
				LastUpgradeCheck = 1240;
				TargetAttributes = {
					6628B02F2611030A007FC6C4 = {
						CreatedOnToolsVersion = 12.4;
					};
				};
			};
			buildConfigurationList = 6628B02B2611030A007FC6C4 /* Build configuration list for PBXProject "CheapFlights" */;
			compatibilityVersion = "Xcode 9.3";
			developmentRegion = en;
			hasScannedForEncodings = 0;
			knownRegions = (
				en,
				Base,
			);
			mainGroup = 6628B0272611030A007FC6C4;
			productRefGroup = 6628B0312611030A007FC6C4 /* Products */;
			projectDirPath = "";
			projectRoot = "";
			targets = (
				6628B02F2611030A007FC6C4 /* CheapFlights */,
			);
		};
/* End PBXProject section */

/* Begin PBXResourcesBuildPhase section */
		6628B02E2611030A007FC6C4 /* Resources */ = {
			isa = PBXResourcesBuildPhase;
			buildActionMask = 2147483647;
			files = (
				6628B0432611030D007FC6C4 /* LaunchScreen.storyboard in Resources */,
				6628B0402611030D007FC6C4 /* Assets.xcassets in Resources */,
				6628B03E2611030A007FC6C4 /* Main.storyboard in Resources */,
			);
			runOnlyForDeploymentPostprocessing = 0;
		};
/* End PBXResourcesBuildPhase section */

/* Begin PBXSourcesBuildPhase section */
		6628B02C2611030A007FC6C4 /* Sources */ = {
			isa = PBXSourcesBuildPhase;
			buildActionMask = 2147483647;
			files = (
				6628B03B2611030A007FC6C4 /* ViewController.m in Sources */,
				6628B0352611030A007FC6C4 /* AppDelegate.m in Sources */,
				6628B0462611030D007FC6C4 /* main.m in Sources */,
				6628B0382611030A007FC6C4 /* SceneDelegate.m in Sources */,
			);
			runOnlyForDeploymentPostprocessing = 0;
		};
/* End PBXSourcesBuildPhase section */

/* Begin PBXVariantGroup section */
		6628B03C2611030A007FC6C4 /* Main.storyboard */ = {
			isa = PBXVariantGroup;
			children = (
				6628B03D2611030A007FC6C4 /* Base */,
			);
			name = Main.storyboard;
			sourceTree = "<group>";
		};
		6628B0412611030D007FC6C4 /* LaunchScreen.storyboard */ = {
			isa = PBXVariantGroup;
			children = (
				6628B0422611030D007FC6C4 /* Base */,
			);
			name = LaunchScreen.storyboard;
			sourceTree = "<group>";
		};
/* End PBXVariantGroup section */

/* Begin XCBuildConfiguration section */
		6628B0472611030D007FC6C4 /* Debug */ = {
			isa = XCBuildConfiguration;
			buildSettings = {
				ALWAYS_SEARCH_USER_PATHS = NO;
				CLANG_ANALYZER_NONNULL = YES;
				CLANG_ANALYZER_NUMBER_OBJECT_CONVERSION = YES_AGGRESSIVE;
				CLANG_CXX_LANGUAGE_STANDARD = "gnu++14";
				CLANG_CXX_LIBRARY = "libc++";
				CLANG_ENABLE_MODULES = YES;
				CLANG_ENABLE_OBJC_ARC = YES;
				CLANG_ENABLE_OBJC_WEAK = YES;
				CLANG_WARN_BLOCK_CAPTURE_AUTORELEASING = YES;
				CLANG_WARN_BOOL_CONVERSION = YES;
				CLANG_WARN_COMMA = YES;
				CLANG_WARN_CONSTANT_CONVERSION = YES;
				CLANG_WARN_DEPRECATED_OBJC_IMPLEMENTATIONS = YES;
				CLANG_WARN_DIRECT_OBJC_ISA_USAGE = YES_ERROR;
				CLANG_WARN_DOCUMENTATION_COMMENTS = YES;
				CLANG_WARN_EMPTY_BODY = YES;
				CLANG_WARN_ENUM_CONVERSION = YES;
				CLANG_WARN_INFINITE_RECURSION = YES;
				CLANG_WARN_INT_CONVERSION = YES;
				CLANG_WARN_NON_LITERAL_NULL_CONVERSION = YES;
				CLANG_WARN_OBJC_IMPLICIT_RETAIN_SELF = YES;
				CLANG_WARN_OBJC_LITERAL_CONVERSION = YES;
				CLANG_WARN_OBJC_ROOT_CLASS = YES_ERROR;
				CLANG_WARN_QUOTED_INCLUDE_IN_FRAMEWORK_HEADER = YES;
				CLANG_WARN_RANGE_LOOP_ANALYSIS = YES;
				CLANG_WARN_STRICT_PROTOTYPES = YES;
				CLANG_WARN_SUSPICIOUS_MOVE = YES;
				CLANG_WARN_UNGUARDED_AVAILABILITY = YES_AGGRESSIVE;
				CLANG_WARN_UNREACHABLE_CODE = YES;
				CLANG_WARN__DUPLICATE_METHOD_MATCH = YES;
				COPY_PHASE_STRIP = NO;
				DEBUG_INFORMATION_FORMAT = dwarf;
				ENABLE_STRICT_OBJC_MSGSEND = YES;
				ENABLE_TESTABILITY = YES;
				GCC_C_LANGUAGE_STANDARD = gnu11;
				GCC_DYNAMIC_NO_PIC = NO;
				GCC_NO_COMMON_BLOCKS = YES;
				GCC_OPTIMIZATION_LEVEL = 0;
				GCC_PREPROCESSOR_DEFINITIONS = (
					"DEBUG=1",
					"$(inherited)",
				);
				GCC_WARN_64_TO_32_BIT_CONVERSION = YES;
				GCC_WARN_ABOUT_RETURN_TYPE = YES_ERROR;
				GCC_WARN_UNDECLARED_SELECTOR = YES;
				GCC_WARN_UNINITIALIZED_AUTOS = YES_AGGRESSIVE;
				GCC_WARN_UNUSED_FUNCTION = YES;
				GCC_WARN_UNUSED_VARIABLE = YES;
				IPHONEOS_DEPLOYMENT_TARGET = 14.4;
				MTL_ENABLE_DEBUG_INFO = INCLUDE_SOURCE;
				MTL_FAST_MATH = YES;
				ONLY_ACTIVE_ARCH = YES;
				SDKROOT = iphoneos;
			};
			name = Debug;
		};
		6628B0482611030D007FC6C4 /* Release */ = {
			isa = XCBuildConfiguration;
			buildSettings = {
				ALWAYS_SEARCH_USER_PATHS = NO;
				CLANG_ANALYZER_NONNULL = YES;
				CLANG_ANALYZER_NUMBER_OBJECT_CONVERSION = YES_AGGRESSIVE;
				CLANG_CXX_LANGUAGE_STANDARD = "gnu++14";
				CLANG_CXX_LIBRARY = "libc++";
				CLANG_ENABLE_MODULES = YES;
				CLANG_ENABLE_OBJC_ARC = YES;
				CLANG_ENABLE_OBJC_WEAK = YES;
				CLANG_WARN_BLOCK_CAPTURE_AUTORELEASING = YES;
				CLANG_WARN_BOOL_CONVERSION = YES;
				CLANG_WARN_COMMA = YES;
				CLANG_WARN_CONSTANT_CONVERSION = YES;
				CLANG_WARN_DEPRECATED_OBJC_IMPLEMENTATIONS = YES;
				CLANG_WARN_DIRECT_OBJC_ISA_USAGE = YES_ERROR;
				CLANG_WARN_DOCUMENTATION_COMMENTS = YES;
				CLANG_WARN_EMPTY_BODY = YES;
				CLANG_WARN_ENUM_CONVERSION = YES;
				CLANG_WARN_INFINITE_RECURSION = YES;
				CLANG_WARN_INT_CONVERSION = YES;
				CLANG_WARN_NON_LITERAL_NULL_CONVERSION = YES;
				CLANG_WARN_OBJC_IMPLICIT_RETAIN_SELF = YES;
				CLANG_WARN_OBJC_LITERAL_CONVERSION = YES;
				CLANG_WARN_OBJC_ROOT_CLASS = YES_ERROR;
				CLANG_WARN_QUOTED_INCLUDE_IN_FRAMEWORK_HEADER = YES;
				CLANG_WARN_RANGE_LOOP_ANALYSIS = YES;
				CLANG_WARN_STRICT_PROTOTYPES = YES;
				CLANG_WARN_SUSPICIOUS_MOVE = YES;
				CLANG_WARN_UNGUARDED_AVAILABILITY = YES_AGGRESSIVE;
				CLANG_WARN_UNREACHABLE_CODE = YES;
				CLANG_WARN__DUPLICATE_METHOD_MATCH = YES;
				COPY_PHASE_STRIP = NO;
				DEBUG_INFORMATION_FORMAT = "dwarf-with-dsym";
				ENABLE_NS_ASSERTIONS = NO;
				ENABLE_STRICT_OBJC_MSGSEND = YES;
				GCC_C_LANGUAGE_STANDARD = gnu11;
				GCC_NO_COMMON_BLOCKS = YES;
				GCC_WARN_64_TO_32_BIT_CONVERSION = YES;
				GCC_WARN_ABOUT_RETURN_TYPE = YES_ERROR;
				GCC_WARN_UNDECLARED_SELECTOR = YES;
				GCC_WARN_UNINITIALIZED_AUTOS = YES_AGGRESSIVE;
				GCC_WARN_UNUSED_FUNCTION = YES;
				GCC_WARN_UNUSED_VARIABLE = YES;
				IPHONEOS_DEPLOYMENT_TARGET = 14.4;
				MTL_ENABLE_DEBUG_INFO = NO;
				MTL_FAST_MATH = YES;
				SDKROOT = iphoneos;
				VALIDATE_PRODUCT = YES;
			};
			name = Release;
		};
		6628B04A2611030D007FC6C4 /* Debug */ = {
			isa = XCBuildConfiguration;
			buildSettings = {
				ASSETCATALOG_COMPILER_APPICON_NAME = AppIcon;
				ASSETCATALOG_COMPILER_GLOBAL_ACCENT_COLOR_NAME = AccentColor;
				CODE_SIGN_STYLE = Automatic;
				DEVELOPMENT_TEAM = 5GWB2H668N;
				INFOPLIST_FILE = CheapFlights/Info.plist;
				IPHONEOS_DEPLOYMENT_TARGET = 13.0;
				LD_RUNPATH_SEARCH_PATHS = (
					"$(inherited)",
					"@executable_path/Frameworks",
				);
				PRODUCT_BUNDLE_IDENTIFIER = ru.zamprog.CheapFlights;
				PRODUCT_NAME = "$(TARGET_NAME)";
				TARGETED_DEVICE_FAMILY = 1;
			};
			name = Debug;
		};
		6628B04B2611030D007FC6C4 /* Release */ = {
			isa = XCBuildConfiguration;
			buildSettings = {
				ASSETCATALOG_COMPILER_APPICON_NAME = AppIcon;
				ASSETCATALOG_COMPILER_GLOBAL_ACCENT_COLOR_NAME = AccentColor;
				CODE_SIGN_STYLE = Automatic;
				DEVELOPMENT_TEAM = 5GWB2H668N;
				INFOPLIST_FILE = CheapFlights/Info.plist;
				IPHONEOS_DEPLOYMENT_TARGET = 13.0;
				LD_RUNPATH_SEARCH_PATHS = (
					"$(inherited)",
					"@executable_path/Frameworks",
				);
				PRODUCT_BUNDLE_IDENTIFIER = ru.zamprog.CheapFlights;
				PRODUCT_NAME = "$(TARGET_NAME)";
				TARGETED_DEVICE_FAMILY = 1;
			};
			name = Release;
		};
/* End XCBuildConfiguration section */

/* Begin XCConfigurationList section */
		6628B02B2611030A007FC6C4 /* Build configuration list for PBXProject "CheapFlights" */ = {
			isa = XCConfigurationList;
			buildConfigurations = (
				6628B0472611030D007FC6C4 /* Debug */,
				6628B0482611030D007FC6C4 /* Release */,
			);
			defaultConfigurationIsVisible = 0;
			defaultConfigurationName = Release;
		};
		6628B0492611030D007FC6C4 /* Build configuration list for PBXNativeTarget "CheapFlights" */ = {
			isa = XCConfigurationList;
			buildConfigurations = (
				6628B04A2611030D007FC6C4 /* Debug */,
				6628B04B2611030D007FC6C4 /* Release */,
			);
			defaultConfigurationIsVisible = 0;
			defaultConfigurationName = Release;
		};
/* End XCConfigurationList section */
	};
	rootObject = 6628B0282611030A007FC6C4 /* Project object */;
}
